{
	"name": "tencent-wx-app",
	"version": "1.1.201712221707",
	"lockfileVersion": 1,
	"requires": true,
	"dependencies": {
		"typescript": {
			"version": "3.1.0-dev.20180822",
			"resolved": "https://registry.npmjs.org/typescript/-/typescript-3.1.0-dev.20180822.tgz",
			"integrity": "sha512-xmI9G1mGR6NyDYTsrI47Cb9S8g77Lo4GZtp1o+cIXHQ3KRadUDLIkzrE81nXki20T7afnABbfk6l4mJOBB/stA==",
			"dev": true
		}
	}
}
